<?xml version="1.0" encoding="utf-8"?>
<Project ToolsVersion="4.0" xmlns="http://schemas.microsoft.com/developer/msbuild/2003">
  <ItemGroup>
    <ClCompile Include="Stone.cpp" />
    <ClCompile Include="StoneLine.cpp" />
    <ClCompile Include="board.cpp" />
    <ClCompile Include="coord.cpp" />
    <ClCompile Include="gomoku_2019.cpp" />
    <ClCompile Include="strategy.cpp" />
  </ItemGroup>
  <ItemGroup>
    <ClInclude Include="StoneLine.h" />
    <ClInclude Include="Stone.h" />
    <ClInclude Include="board.h" />
    <ClInclude Include="coord.h" />
    <ClInclude Include="strategy.h" />
    <ClInclude Include="define.h" />
  </ItemGroup>
  <ItemGroup>
    <Filter Include="res">
      <UniqueIdentifier>{15dde219-15de-4d8a-82e5-f8edc3a8bff0}</UniqueIdentifier>
    </Filter>
  </ItemGroup>
  <ItemGroup>
    <Text Include="res\input01.txt">
      <Filter>res</Filter>
    </Text>
  </ItemGroup>
</Project>